# This file is @generated by PDM.
# It is not intended for manual editing.

[metadata]
groups = ["default"]
strategy = ["cross_platform", "inherit_metadata"]
lock_version = "4.4.2"
content_hash = "sha256:4beceffd73edefa9ed7ba9bdd7ee561ff0c0db7db1d6a9c3cf8621eebc160e36"

[[package]]
name = "leetgo-py"
version = "0.2.4"
requires_python = ">=3.6,<4.0"
summary = "Python test utils for leetgo"
groups = ["default"]
files = [
    {file = "leetgo_py-0.2.4-py3-none-any.whl", hash = "sha256:3f45b1631cbd2ec97a6b84b8663e50e9e49ba51372c07b2ed27e22f0aff7afdd"},
    {file = "leetgo_py-0.2.4.tar.gz", hash = "sha256:017e6dc7289d40e6a0fe7b1c5f67e0a392ff83454fc99e9fb25aef9c70375943"},
]

[[package]]
name = "sortedcontainers"
version = "2.4.0"
summary = "Sorted Containers -- Sorted List, Sorted Dict, Sorted Set"
groups = ["default"]
files = [
    {file = "sortedcontainers-2.4.0-py2.py3-none-any.whl", hash = "sha256:a163dcaede0f1c021485e957a39245190e74249897e2ae4b2aa38595db237ee0"},
    {file = "sortedcontainers-2.4.0.tar.gz", hash = "sha256:25caa5a06cc30b6b83d11423433f65d1f9d76c4c6a0c90e3379eaa43b9bfdb88"},
]
